
Microsoft Visual Studio Solution File, Format Version 12.00
# Visual Studio 2012
Project("{D954291E-2A0B-460D-934E-DC6B0785DB48}") = "Float", "Float\Float.shproj", "{E3B1ACA4-F9BD-4200-94E4-9BA3E2A6E9AA}"
EndProject
Project("{FAE04EC0-301F-11D3-BF4B-00C04F79EFBC}") = "Float.iOS", "iOS\Float.iOS.csproj", "{4065C279-ACA1-42FF-8173-F13EDFA38AD5}"
EndProject
Project("{FAE04EC0-301F-11D3-BF4B-00C04F79EFBC}") = "Float.Droid", "Droid\Float.Droid.csproj", "{8D34AB3B-5F69-4B9A-94E7-2E9AC67CD0C9}"
EndProject
Global
	GlobalSection(SolutionConfigurationPlatforms) = preSolution
		Debug|iPhoneSimulator = Debug|iPhoneSimulator
		Release|iPhone = Release|iPhone
		Release|iPhoneSimulator = Release|iPhoneSimulator
		Debug|iPhone = Debug|iPhone
		Debug|Any CPU = Debug|Any CPU
		Release|Any CPU = Release|Any CPU
	EndGlobalSection
	GlobalSection(ProjectConfigurationPlatforms) = postSolution
		{4065C279-ACA1-42FF-8173-F13EDFA38AD5}.Debug|iPhoneSimulator.ActiveCfg = Debug|iPhoneSimulator
		{4065C279-ACA1-42FF-8173-F13EDFA38AD5}.Debug|iPhoneSimulator.Build.0 = Debug|iPhoneSimulator
		{4065C279-ACA1-42FF-8173-F13EDFA38AD5}.Release|iPhone.ActiveCfg = Release|iPhone
		{4065C279-ACA1-42FF-8173-F13EDFA38AD5}.Release|iPhone.Build.0 = Release|iPhone
		{4065C279-ACA1-42FF-8173-F13EDFA38AD5}.Release|iPhoneSimulator.ActiveCfg = Release|iPhoneSimulator
		{4065C279-ACA1-42FF-8173-F13EDFA38AD5}.Release|iPhoneSimulator.Build.0 = Release|iPhoneSimulator
		{4065C279-ACA1-42FF-8173-F13EDFA38AD5}.Debug|iPhone.ActiveCfg = Debug|iPhone
		{4065C279-ACA1-42FF-8173-F13EDFA38AD5}.Debug|iPhone.Build.0 = Debug|iPhone
		{4065C279-ACA1-42FF-8173-F13EDFA38AD5}.Debug|Any CPU.ActiveCfg = Debug|iPhoneSimulator
		{4065C279-ACA1-42FF-8173-F13EDFA38AD5}.Debug|Any CPU.Build.0 = Debug|iPhoneSimulator
		{4065C279-ACA1-42FF-8173-F13EDFA38AD5}.Release|Any CPU.ActiveCfg = Release|iPhone
		{4065C279-ACA1-42FF-8173-F13EDFA38AD5}.Release|Any CPU.Build.0 = Release|iPhone
		{8D34AB3B-5F69-4B9A-94E7-2E9AC67CD0C9}.Debug|iPhoneSimulator.ActiveCfg = Debug|Any CPU
		{8D34AB3B-5F69-4B9A-94E7-2E9AC67CD0C9}.Debug|iPhoneSimulator.Build.0 = Debug|Any CPU
		{8D34AB3B-5F69-4B9A-94E7-2E9AC67CD0C9}.Release|iPhone.ActiveCfg = Release|Any CPU
		{8D34AB3B-5F69-4B9A-94E7-2E9AC67CD0C9}.Release|iPhone.Build.0 = Release|Any CPU
		{8D34AB3B-5F69-4B9A-94E7-2E9AC67CD0C9}.Release|iPhoneSimulator.ActiveCfg = Release|Any CPU
		{8D34AB3B-5F69-4B9A-94E7-2E9AC67CD0C9}.Release|iPhoneSimulator.Build.0 = Release|Any CPU
		{8D34AB3B-5F69-4B9A-94E7-2E9AC67CD0C9}.Debug|iPhone.ActiveCfg = Debug|Any CPU
		{8D34AB3B-5F69-4B9A-94E7-2E9AC67CD0C9}.Debug|iPhone.Build.0 = Debug|Any CPU
		{8D34AB3B-5F69-4B9A-94E7-2E9AC67CD0C9}.Debug|Any CPU.ActiveCfg = Debug|Any CPU
		{8D34AB3B-5F69-4B9A-94E7-2E9AC67CD0C9}.Debug|Any CPU.Build.0 = Debug|Any CPU
		{8D34AB3B-5F69-4B9A-94E7-2E9AC67CD0C9}.Release|Any CPU.ActiveCfg = Release|Any CPU
		{8D34AB3B-5F69-4B9A-94E7-2E9AC67CD0C9}.Release|Any CPU.Build.0 = Release|Any CPU
	EndGlobalSection
EndGlobal
